# This file is automatically @generated by Cargo.
# It is not intended for manual editing.
version = 3

[[package]]
name = "ar2300"
version = "0.1.0"
dependencies = [
 "rusb",
 "simple-error",
]

[[package]]
name = "cc"
version = "1.0.70"
source = "registry+https://github.com/rust-lang/crates.io-index"
checksum = "d26a6ce4b6a484fa3edb70f7efa6fc430fd2b87285fe8b84304fd0936faa0dc0"

[[package]]
name = "libc"
version = "0.2.101"
source = "registry+https://github.com/rust-lang/crates.io-index"
checksum = "3cb00336871be5ed2c8ed44b60ae9959dc5b9f08539422ed43f09e34ecaeba21"

[[package]]
name = "libusb1-sys"
version = "0.6.0"
source = "registry+https://github.com/rust-lang/crates.io-index"
checksum = "b8772b7e8d4d988e19684aec5a3f5e470ecaf5c705cf0303da3973508e873027"
dependencies = [
 "cc",
 "libc",
 "pkg-config",
 "vcpkg",
]

[[package]]
name = "pkg-config"
version = "0.3.19"
source = "registry+https://github.com/rust-lang/crates.io-index"
checksum = "3831453b3449ceb48b6d9c7ad7c96d5ea673e9b470a1dc578c2ce6521230884c"

[[package]]
name = "rusb"
version = "0.9.0"
source = "registry+https://github.com/rust-lang/crates.io-index"
checksum = "83b454219aa5007af92a042ec13b2035325318a21d3c6be18bf592f841430794"
dependencies = [
 "libc",
 "libusb1-sys",
]

[[package]]
name = "simple-error"
version = "0.2.3"
source = "registry+https://github.com/rust-lang/crates.io-index"
checksum = "cc47a29ce97772ca5c927f75bac34866b16d64e07f330c3248e2d7226623901b"

[[package]]
name = "vcpkg"
version = "0.2.15"
source = "registry+https://github.com/rust-lang/crates.io-index"
checksum = "accd4ea62f7bb7a82fe23066fb0957d48ef677f6eeb8215f372f52e48bb32426"
